
Microsoft Visual Studio Solution File, Format Version 12.00
# Visual Studio 15
VisualStudioVersion = 15.0.27130.2024
MinimumVisualStudioVersion = 10.0.40219.1
Project("{FAE04EC0-301F-11D3-BF4B-00C04F79EFBC}") = "dndproxy", "dndproxy\dndproxy.csproj", "{AE79F6B0-8011-47ED-820B-D5F03B85A0F9}"
EndProject
Global
	GlobalSection(SolutionConfigurationPlatforms) = preSolution
		Debug|Any CPU = Debug|Any CPU
		Release|Any CPU = Release|Any CPU
	EndGlobalSection
	GlobalSection(ProjectConfigurationPlatforms) = postSolution
		{AE79F6B0-8011-47ED-820B-D5F03B85A0F9}.Debug|Any CPU.ActiveCfg = Debug|Any CPU
		{AE79F6B0-8011-47ED-820B-D5F03B85A0F9}.Debug|Any CPU.Build.0 = Debug|Any CPU
		{AE79F6B0-8011-47ED-820B-D5F03B85A0F9}.Release|Any CPU.ActiveCfg = Release|Any CPU
		{AE79F6B0-8011-47ED-820B-D5F03B85A0F9}.Release|Any CPU.Build.0 = Release|Any CPU
	EndGlobalSection
	GlobalSection(SolutionProperties) = preSolution
		HideSolutionNode = FALSE
	EndGlobalSection
	GlobalSection(ExtensibilityGlobals) = postSolution
		SolutionGuid = {E3C08A4D-9995-4CB3-AF43-FB48F4E58B72}
	EndGlobalSection
EndGlobal
